
Microsoft Visual Studio Solution File, Format Version 11.00
# Visual Studio 2010
Project("{FAE04EC0-301F-11D3-BF4B-00C04F79EFBC}") = "fiweb", "fiweb\fiweb.csproj", "{98611772-E83A-4EAD-A6B8-CAB53999BFF9}"
EndProject
Project("{FAE04EC0-301F-11D3-BF4B-00C04F79EFBC}") = "adfinder", "adfinder\adfinder.csproj", "{4E36DAD2-4116-47FB-8357-272CF8DCBB32}"
EndProject
Project("{FAE04EC0-301F-11D3-BF4B-00C04F79EFBC}") = "testing", "testing\testing.csproj", "{7C99AEC4-951B-4F6A-97B6-7FBDF9FF85D2}"
EndProject
Global
	GlobalSection(SolutionConfigurationPlatforms) = preSolution
		Debug|Any CPU = Debug|Any CPU
		Debug|Mixed Platforms = Debug|Mixed Platforms
		Debug|x86 = Debug|x86
		Release|Any CPU = Release|Any CPU
		Release|Mixed Platforms = Release|Mixed Platforms
		Release|x86 = Release|x86
	EndGlobalSection
	GlobalSection(ProjectConfigurationPlatforms) = postSolution
		{98611772-E83A-4EAD-A6B8-CAB53999BFF9}.Debug|Any CPU.ActiveCfg = Debug|Any CPU
		{98611772-E83A-4EAD-A6B8-CAB53999BFF9}.Debug|Any CPU.Build.0 = Debug|Any CPU
		{98611772-E83A-4EAD-A6B8-CAB53999BFF9}.Debug|Mixed Platforms.ActiveCfg = Debug|Any CPU
		{98611772-E83A-4EAD-A6B8-CAB53999BFF9}.Debug|Mixed Platforms.Build.0 = Debug|Any CPU
		{98611772-E83A-4EAD-A6B8-CAB53999BFF9}.Debug|x86.ActiveCfg = Debug|Any CPU
		{98611772-E83A-4EAD-A6B8-CAB53999BFF9}.Release|Any CPU.ActiveCfg = Release|Any CPU
		{98611772-E83A-4EAD-A6B8-CAB53999BFF9}.Release|Any CPU.Build.0 = Release|Any CPU
		{98611772-E83A-4EAD-A6B8-CAB53999BFF9}.Release|Mixed Platforms.ActiveCfg = Release|Any CPU
		{98611772-E83A-4EAD-A6B8-CAB53999BFF9}.Release|Mixed Platforms.Build.0 = Release|Any CPU
		{98611772-E83A-4EAD-A6B8-CAB53999BFF9}.Release|x86.ActiveCfg = Release|Any CPU
		{4E36DAD2-4116-47FB-8357-272CF8DCBB32}.Debug|Any CPU.ActiveCfg = Debug|x86
		{4E36DAD2-4116-47FB-8357-272CF8DCBB32}.Debug|Mixed Platforms.ActiveCfg = Debug|x86
		{4E36DAD2-4116-47FB-8357-272CF8DCBB32}.Debug|Mixed Platforms.Build.0 = Debug|x86
		{4E36DAD2-4116-47FB-8357-272CF8DCBB32}.Debug|x86.ActiveCfg = Debug|x86
		{4E36DAD2-4116-47FB-8357-272CF8DCBB32}.Debug|x86.Build.0 = Debug|x86
		{4E36DAD2-4116-47FB-8357-272CF8DCBB32}.Release|Any CPU.ActiveCfg = Release|x86
		{4E36DAD2-4116-47FB-8357-272CF8DCBB32}.Release|Mixed Platforms.ActiveCfg = Release|x86
		{4E36DAD2-4116-47FB-8357-272CF8DCBB32}.Release|Mixed Platforms.Build.0 = Release|x86
		{4E36DAD2-4116-47FB-8357-272CF8DCBB32}.Release|x86.ActiveCfg = Release|x86
		{4E36DAD2-4116-47FB-8357-272CF8DCBB32}.Release|x86.Build.0 = Release|x86
		{7C99AEC4-951B-4F6A-97B6-7FBDF9FF85D2}.Debug|Any CPU.ActiveCfg = Debug|x86
		{7C99AEC4-951B-4F6A-97B6-7FBDF9FF85D2}.Debug|Mixed Platforms.ActiveCfg = Debug|x86
		{7C99AEC4-951B-4F6A-97B6-7FBDF9FF85D2}.Debug|Mixed Platforms.Build.0 = Debug|x86
		{7C99AEC4-951B-4F6A-97B6-7FBDF9FF85D2}.Debug|x86.ActiveCfg = Debug|x86
		{7C99AEC4-951B-4F6A-97B6-7FBDF9FF85D2}.Debug|x86.Build.0 = Debug|x86
		{7C99AEC4-951B-4F6A-97B6-7FBDF9FF85D2}.Release|Any CPU.ActiveCfg = Release|x86
		{7C99AEC4-951B-4F6A-97B6-7FBDF9FF85D2}.Release|Mixed Platforms.ActiveCfg = Release|x86
		{7C99AEC4-951B-4F6A-97B6-7FBDF9FF85D2}.Release|Mixed Platforms.Build.0 = Release|x86
		{7C99AEC4-951B-4F6A-97B6-7FBDF9FF85D2}.Release|x86.ActiveCfg = Release|x86
		{7C99AEC4-951B-4F6A-97B6-7FBDF9FF85D2}.Release|x86.Build.0 = Release|x86
	EndGlobalSection
	GlobalSection(SolutionProperties) = preSolution
		HideSolutionNode = FALSE
	EndGlobalSection
EndGlobal
